
Microsoft Visual Studio Solution File, Format Version 12.00
# Visual Studio 15
VisualStudioVersion = 15.0.28010.2036
MinimumVisualStudioVersion = 10.0.40219.1
Project("{FAE04EC0-301F-11D3-BF4B-00C04F79EFBC}") = "UntitledPirateGame", "UntitledPirateGame\UntitledPirateGame.csproj", "{A5A5B22F-7158-4684-B573-CC2C19EE9226}"
EndProject
Global
	GlobalSection(SolutionConfigurationPlatforms) = preSolution
		Debug|x86 = Debug|x86
		Release|x86 = Release|x86
	EndGlobalSection
	GlobalSection(ProjectConfigurationPlatforms) = postSolution
		{A5A5B22F-7158-4684-B573-CC2C19EE9226}.Debug|x86.ActiveCfg = Debug|x86
		{A5A5B22F-7158-4684-B573-CC2C19EE9226}.Debug|x86.Build.0 = Debug|x86
		{A5A5B22F-7158-4684-B573-CC2C19EE9226}.Release|x86.ActiveCfg = Release|x86
		{A5A5B22F-7158-4684-B573-CC2C19EE9226}.Release|x86.Build.0 = Release|x86
	EndGlobalSection
	GlobalSection(SolutionProperties) = preSolution
		HideSolutionNode = FALSE
	EndGlobalSection
	GlobalSection(ExtensibilityGlobals) = postSolution
		SolutionGuid = {DD02F6CB-D8B9-4489-8EE1-2A7D5823184A}
	EndGlobalSection
EndGlobal
